# This file is automatically @generated by Cargo.
# It is not intended for manual editing.
version = 3

[[package]]
name = "container"
version = "0.1.0"

[[package]]
name = "model"
version = "0.1.0"

[[package]]
name = "threadpool"
version = "0.1.0"

[[package]]
name = "untitled13"
version = "0.1.0"
dependencies = [
 "container",
 "model",
 "threadpool",
]
